
Microsoft Visual Studio Solution File, Format Version 12.00
# Visual Studio Version 16
VisualStudioVersion = 16.0.29709.97
MinimumVisualStudioVersion = 10.0.40219.1
Project("{9A19103F-16F7-4668-BE54-9A1E7A4F7556}") = "ConsoleDebug", "ConsoleDebug\ConsoleDebug.csproj", "{C7F9F249-A960-4271-ADC9-8D73013E43AF}"
EndProject
Project("{9A19103F-16F7-4668-BE54-9A1E7A4F7556}") = "LeftJoin.Common.Tests", "LeftJoin.Common.Tests\LeftJoin.Common.Tests.csproj", "{7F303FC5-AAA8-44AB-969D-5F6EE3024D91}"
EndProject
Project("{FAE04EC0-301F-11D3-BF4B-00C04F79EFBC}") = "Common", "Common\Common.csproj", "{F535C4A4-4F74-4D8E-8130-BE233D73C264}"
EndProject
Global
	GlobalSection(SolutionConfigurationPlatforms) = preSolution
		Debug|Any CPU = Debug|Any CPU
		Release|Any CPU = Release|Any CPU
	EndGlobalSection
	GlobalSection(ProjectConfigurationPlatforms) = postSolution
		{C7F9F249-A960-4271-ADC9-8D73013E43AF}.Debug|Any CPU.ActiveCfg = Debug|Any CPU
		{C7F9F249-A960-4271-ADC9-8D73013E43AF}.Debug|Any CPU.Build.0 = Debug|Any CPU
		{C7F9F249-A960-4271-ADC9-8D73013E43AF}.Release|Any CPU.ActiveCfg = Release|Any CPU
		{C7F9F249-A960-4271-ADC9-8D73013E43AF}.Release|Any CPU.Build.0 = Release|Any CPU
		{7F303FC5-AAA8-44AB-969D-5F6EE3024D91}.Debug|Any CPU.ActiveCfg = Debug|Any CPU
		{7F303FC5-AAA8-44AB-969D-5F6EE3024D91}.Debug|Any CPU.Build.0 = Debug|Any CPU
		{7F303FC5-AAA8-44AB-969D-5F6EE3024D91}.Release|Any CPU.ActiveCfg = Release|Any CPU
		{7F303FC5-AAA8-44AB-969D-5F6EE3024D91}.Release|Any CPU.Build.0 = Release|Any CPU
		{F535C4A4-4F74-4D8E-8130-BE233D73C264}.Debug|Any CPU.ActiveCfg = Debug|Any CPU
		{F535C4A4-4F74-4D8E-8130-BE233D73C264}.Debug|Any CPU.Build.0 = Debug|Any CPU
		{F535C4A4-4F74-4D8E-8130-BE233D73C264}.Release|Any CPU.ActiveCfg = Release|Any CPU
		{F535C4A4-4F74-4D8E-8130-BE233D73C264}.Release|Any CPU.Build.0 = Release|Any CPU
	EndGlobalSection
	GlobalSection(SolutionProperties) = preSolution
		HideSolutionNode = FALSE
	EndGlobalSection
	GlobalSection(ExtensibilityGlobals) = postSolution
		SolutionGuid = {EF6E42F4-7E9C-4949-83AB-B5E01F0AACC9}
	EndGlobalSection
EndGlobal
